// !$*UTF8*$!
{
	archiveVersion = 1;
	classes = {
	};
	objectVersion = 50;
	objects = {

/* Begin PBXBuildFile section */
		3075143825CC6FF9006D95F2 /* AppDelegate.swift in Sources */ = {isa = PBXBuildFile; fileRef = 3075143725CC6FF9006D95F2 /* AppDelegate.swift */; };
		3075143A25CC6FF9006D95F2 /* SceneDelegate.swift in Sources */ = {isa = PBXBuildFile; fileRef = 3075143925CC6FF9006D95F2 /* SceneDelegate.swift */; };
		3075143C25CC6FF9006D95F2 /* ViewController.swift in Sources */ = {isa = PBXBuildFile; fileRef = 3075143B25CC6FF9006D95F2 /* ViewController.swift */; };
		3075144125CC6FFD006D95F2 /* Assets.xcassets in Resources */ = {isa = PBXBuildFile; fileRef = 3075144025CC6FFD006D95F2 /* Assets.xcassets */; };
		3075144425CC6FFD006D95F2 /* LaunchScreen.storyboard in Resources */ = {isa = PBXBuildFile; fileRef = 3075144225CC6FFD006D95F2 /* LaunchScreen.storyboard */; };
		4C598F7276443FC1D9876F17 /* Pods_NIS_IOS_BlurApp.framework in Frameworks */ = {isa = PBXBuildFile; fileRef = 69FE775D7ADBF6A5EB8002F9 /* Pods_NIS_IOS_BlurApp.framework */; };
/* End PBXBuildFile section */

/* Begin PBXFileReference section */
		052238F936783C4EE12CCB9F /* Pods-NIS-IOS-BlurApp.release.xcconfig */ = {isa = PBXFileReference; includeInIndex = 1; lastKnownFileType = text.xcconfig; name = "Pods-NIS-IOS-BlurApp.release.xcconfig"; path = "Target Support Files/Pods-NIS-IOS-BlurApp/Pods-NIS-IOS-BlurApp.release.xcconfig"; sourceTree = "<group>"; };
		3075143425CC6FF9006D95F2 /* NIS-IOS-BlurApp.app */ = {isa = PBXFileReference; explicitFileType = wrapper.application; includeInIndex = 0; path = "NIS-IOS-BlurApp.app"; sourceTree = BUILT_PRODUCTS_DIR; };
		3075143725CC6FF9006D95F2 /* AppDelegate.swift */ = {isa = PBXFileReference; lastKnownFileType = sourcecode.swift; path = AppDelegate.swift; sourceTree = "<group>"; };
		3075143925CC6FF9006D95F2 /* SceneDelegate.swift */ = {isa = PBXFileReference; lastKnownFileType = sourcecode.swift; path = SceneDelegate.swift; sourceTree = "<group>"; };
		3075143B25CC6FF9006D95F2 /* ViewController.swift */ = {isa = PBXFileReference; lastKnownFileType = sourcecode.swift; path = ViewController.swift; sourceTree = "<group>"; };
		3075144025CC6FFD006D95F2 /* Assets.xcassets */ = {isa = PBXFileReference; lastKnownFileType = folder.assetcatalog; path = Assets.xcassets; sourceTree = "<group>"; };
		3075144325CC6FFD006D95F2 /* Base */ = {isa = PBXFileReference; lastKnownFileType = file.storyboard; name = Base; path = Base.lproj/LaunchScreen.storyboard; sourceTree = "<group>"; };
		3075144525CC6FFD006D95F2 /* Info.plist */ = {isa = PBXFileReference; lastKnownFileType = text.plist.xml; path = Info.plist; sourceTree = "<group>"; };
		69FE775D7ADBF6A5EB8002F9 /* Pods_NIS_IOS_BlurApp.framework */ = {isa = PBXFileReference; explicitFileType = wrapper.framework; includeInIndex = 0; path = Pods_NIS_IOS_BlurApp.framework; sourceTree = BUILT_PRODUCTS_DIR; };
		DF45C8609BF530AE854BD5D5 /* Pods-NIS-IOS-BlurApp.debug.xcconfig */ = {isa = PBXFileReference; includeInIndex = 1; lastKnownFileType = text.xcconfig; name = "Pods-NIS-IOS-BlurApp.debug.xcconfig"; path = "Target Support Files/Pods-NIS-IOS-BlurApp/Pods-NIS-IOS-BlurApp.debug.xcconfig"; sourceTree = "<group>"; };
/* End PBXFileReference section */

/* Begin PBXFrameworksBuildPhase section */
		3075143125CC6FF9006D95F2 /* Frameworks */ = {
			isa = PBXFrameworksBuildPhase;
			buildActionMask = 2147483647;
			files = (
				4C598F7276443FC1D9876F17 /* Pods_NIS_IOS_BlurApp.framework in Frameworks */,
			);
			runOnlyForDeploymentPostprocessing = 0;
		};
/* End PBXFrameworksBuildPhase section */

/* Begin PBXGroup section */
		1263FF77308C247A4AAA9B83 /* Frameworks */ = {
			isa = PBXGroup;
			children = (
				69FE775D7ADBF6A5EB8002F9 /* Pods_NIS_IOS_BlurApp.framework */,
			);
			name = Frameworks;
			sourceTree = "<group>";
		};
		3075142B25CC6FF9006D95F2 = {
			isa = PBXGroup;
			children = (
				3075143625CC6FF9006D95F2 /* NIS-IOS-BlurApp */,
				3075143525CC6FF9006D95F2 /* Products */,
				E6EBE9EBAEDC3AD6D91957EA /* Pods */,
				1263FF77308C247A4AAA9B83 /* Frameworks */,
			);
			sourceTree = "<group>";
		};
		3075143525CC6FF9006D95F2 /* Products */ = {
			isa = PBXGroup;
			children = (
				3075143425CC6FF9006D95F2 /* NIS-IOS-BlurApp.app */,
			);
			name = Products;
			sourceTree = "<group>";
		};
		3075143625CC6FF9006D95F2 /* NIS-IOS-BlurApp */ = {
			isa = PBXGroup;
			children = (
				3075143725CC6FF9006D95F2 /* AppDelegate.swift */,
				3075143925CC6FF9006D95F2 /* SceneDelegate.swift */,
				3075143B25CC6FF9006D95F2 /* ViewController.swift */,
				3075144025CC6FFD006D95F2 /* Assets.xcassets */,
				3075144225CC6FFD006D95F2 /* LaunchScreen.storyboard */,
				3075144525CC6FFD006D95F2 /* Info.plist */,
			);
			path = "NIS-IOS-BlurApp";
			sourceTree = "<group>";
		};
		E6EBE9EBAEDC3AD6D91957EA /* Pods */ = {
			isa = PBXGroup;
			children = (
				DF45C8609BF530AE854BD5D5 /* Pods-NIS-IOS-BlurApp.debug.xcconfig */,
				052238F936783C4EE12CCB9F /* Pods-NIS-IOS-BlurApp.release.xcconfig */,
			);
			name = Pods;
			path = Pods;
			sourceTree = "<group>";
		};
/* End PBXGroup section */

/* Begin PBXNativeTarget section */
		3075143325CC6FF9006D95F2 /* NIS-IOS-BlurApp */ = {
			isa = PBXNativeTarget;
			buildConfigurationList = 3075144825CC6FFD006D95F2 /* Build configuration list for PBXNativeTarget "NIS-IOS-BlurApp" */;
			buildPhases = (
				CE72352BDF85FBBA7EACAF6C /* [CP] Check Pods Manifest.lock */,
				3075143025CC6FF9006D95F2 /* Sources */,
				3075143125CC6FF9006D95F2 /* Frameworks */,
				3075143225CC6FF9006D95F2 /* Resources */,
				C22C62E0CB58897D4BDAF658 /* [CP] Embed Pods Frameworks */,
			);
			buildRules = (
			);
			dependencies = (
			);
			name = "NIS-IOS-BlurApp";
			productName = "NIS-IOS-BlurApp";
			productReference = 3075143425CC6FF9006D95F2 /* NIS-IOS-BlurApp.app */;
			productType = "com.apple.product-type.application";
		};
/* End PBXNativeTarget section */

/* Begin PBXProject section */
		3075142C25CC6FF9006D95F2 /* Project object */ = {
			isa = PBXProject;
			attributes = {
				LastSwiftUpdateCheck = 1230;
				LastUpgradeCheck = 1230;
				TargetAttributes = {
					3075143325CC6FF9006D95F2 = {
						CreatedOnToolsVersion = 12.3;
					};
				};
			};
			buildConfigurationList = 3075142F25CC6FF9006D95F2 /* Build configuration list for PBXProject "NIS-IOS-BlurApp" */;
			compatibilityVersion = "Xcode 9.3";
			developmentRegion = en;
			hasScannedForEncodings = 0;
			knownRegions = (
				en,
				Base,
			);
			mainGroup = 3075142B25CC6FF9006D95F2;
			productRefGroup = 3075143525CC6FF9006D95F2 /* Products */;
			projectDirPath = "";
			projectRoot = "";
			targets = (
				3075143325CC6FF9006D95F2 /* NIS-IOS-BlurApp */,
			);
		};
/* End PBXProject section */

/* Begin PBXResourcesBuildPhase section */
		3075143225CC6FF9006D95F2 /* Resources */ = {
			isa = PBXResourcesBuildPhase;
			buildActionMask = 2147483647;
			files = (
				3075144425CC6FFD006D95F2 /* LaunchScreen.storyboard in Resources */,
				3075144125CC6FFD006D95F2 /* Assets.xcassets in Resources */,
			);
			runOnlyForDeploymentPostprocessing = 0;
		};
/* End PBXResourcesBuildPhase section */

/* Begin PBXShellScriptBuildPhase section */
		C22C62E0CB58897D4BDAF658 /* [CP] Embed Pods Frameworks */ = {
			isa = PBXShellScriptBuildPhase;
			buildActionMask = 2147483647;
			files = (
			);
			inputFileListPaths = (
				"${PODS_ROOT}/Target Support Files/Pods-NIS-IOS-BlurApp/Pods-NIS-IOS-BlurApp-frameworks-${CONFIGURATION}-input-files.xcfilelist",
			);
			name = "[CP] Embed Pods Frameworks";
			outputFileListPaths = (
				"${PODS_ROOT}/Target Support Files/Pods-NIS-IOS-BlurApp/Pods-NIS-IOS-BlurApp-frameworks-${CONFIGURATION}-output-files.xcfilelist",
			);
			runOnlyForDeploymentPostprocessing = 0;
			shellPath = /bin/sh;
			shellScript = "\"${PODS_ROOT}/Target Support Files/Pods-NIS-IOS-BlurApp/Pods-NIS-IOS-BlurApp-frameworks.sh\"\n";
			showEnvVarsInLog = 0;
		};
		CE72352BDF85FBBA7EACAF6C /* [CP] Check Pods Manifest.lock */ = {
			isa = PBXShellScriptBuildPhase;
			buildActionMask = 2147483647;
			files = (
			);
			inputFileListPaths = (
			);
			inputPaths = (
				"${PODS_PODFILE_DIR_PATH}/Podfile.lock",
				"${PODS_ROOT}/Manifest.lock",
			);
			name = "[CP] Check Pods Manifest.lock";
			outputFileListPaths = (
			);
			outputPaths = (
				"$(DERIVED_FILE_DIR)/Pods-NIS-IOS-BlurApp-checkManifestLockResult.txt",
			);
			runOnlyForDeploymentPostprocessing = 0;
			shellPath = /bin/sh;
			shellScript = "diff \"${PODS_PODFILE_DIR_PATH}/Podfile.lock\" \"${PODS_ROOT}/Manifest.lock\" > /dev/null\nif [ $? != 0 ] ; then\n    # print error to STDERR\n    echo \"error: The sandbox is not in sync with the Podfile.lock. Run 'pod install' or update your CocoaPods installation.\" >&2\n    exit 1\nfi\n# This output is used by Xcode 'outputs' to avoid re-running this script phase.\necho \"SUCCESS\" > \"${SCRIPT_OUTPUT_FILE_0}\"\n";
			showEnvVarsInLog = 0;
		};
/* End PBXShellScriptBuildPhase section */

/* Begin PBXSourcesBuildPhase section */
		3075143025CC6FF9006D95F2 /* Sources */ = {
			isa = PBXSourcesBuildPhase;
			buildActionMask = 2147483647;
			files = (
				3075143C25CC6FF9006D95F2 /* ViewController.swift in Sources */,
				3075143825CC6FF9006D95F2 /* AppDelegate.swift in Sources */,
				3075143A25CC6FF9006D95F2 /* SceneDelegate.swift in Sources */,
			);
			runOnlyForDeploymentPostprocessing = 0;
		};
/* End PBXSourcesBuildPhase section */

/* Begin PBXVariantGroup section */
		3075144225CC6FFD006D95F2 /* LaunchScreen.storyboard */ = {
			isa = PBXVariantGroup;
			children = (
				3075144325CC6FFD006D95F2 /* Base */,
			);
			name = LaunchScreen.storyboard;
			sourceTree = "<group>";
		};
/* End PBXVariantGroup section */

/* Begin XCBuildConfiguration section */
		3075144625CC6FFD006D95F2 /* Debug */ = {
			isa = XCBuildConfiguration;
			buildSettings = {
				ALWAYS_SEARCH_USER_PATHS = NO;
				CLANG_ANALYZER_NONNULL = YES;
				CLANG_ANALYZER_NUMBER_OBJECT_CONVERSION = YES_AGGRESSIVE;
				CLANG_CXX_LANGUAGE_STANDARD = "gnu++14";
				CLANG_CXX_LIBRARY = "libc++";
				CLANG_ENABLE_MODULES = YES;
				CLANG_ENABLE_OBJC_ARC = YES;
				CLANG_ENABLE_OBJC_WEAK = YES;
				CLANG_WARN_BLOCK_CAPTURE_AUTORELEASING = YES;
				CLANG_WARN_BOOL_CONVERSION = YES;
				CLANG_WARN_COMMA = YES;
				CLANG_WARN_CONSTANT_CONVERSION = YES;
				CLANG_WARN_DEPRECATED_OBJC_IMPLEMENTATIONS = YES;
				CLANG_WARN_DIRECT_OBJC_ISA_USAGE = YES_ERROR;
				CLANG_WARN_DOCUMENTATION_COMMENTS = YES;
				CLANG_WARN_EMPTY_BODY = YES;
				CLANG_WARN_ENUM_CONVERSION = YES;
				CLANG_WARN_INFINITE_RECURSION = YES;
				CLANG_WARN_INT_CONVERSION = YES;
				CLANG_WARN_NON_LITERAL_NULL_CONVERSION = YES;
				CLANG_WARN_OBJC_IMPLICIT_RETAIN_SELF = YES;
				CLANG_WARN_OBJC_LITERAL_CONVERSION = YES;
				CLANG_WARN_OBJC_ROOT_CLASS = YES_ERROR;
				CLANG_WARN_QUOTED_INCLUDE_IN_FRAMEWORK_HEADER = YES;
				CLANG_WARN_RANGE_LOOP_ANALYSIS = YES;
				CLANG_WARN_STRICT_PROTOTYPES = YES;
				CLANG_WARN_SUSPICIOUS_MOVE = YES;
				CLANG_WARN_UNGUARDED_AVAILABILITY = YES_AGGRESSIVE;
				CLANG_WARN_UNREACHABLE_CODE = YES;
				CLANG_WARN__DUPLICATE_METHOD_MATCH = YES;
				COPY_PHASE_STRIP = NO;
				DEBUG_INFORMATION_FORMAT = dwarf;
				ENABLE_STRICT_OBJC_MSGSEND = YES;
				ENABLE_TESTABILITY = YES;
				GCC_C_LANGUAGE_STANDARD = gnu11;
				GCC_DYNAMIC_NO_PIC = NO;
				GCC_NO_COMMON_BLOCKS = YES;
				GCC_OPTIMIZATION_LEVEL = 0;
				GCC_PREPROCESSOR_DEFINITIONS = (
					"DEBUG=1",
					"$(inherited)",
				);
				GCC_WARN_64_TO_32_BIT_CONVERSION = YES;
				GCC_WARN_ABOUT_RETURN_TYPE = YES_ERROR;
				GCC_WARN_UNDECLARED_SELECTOR = YES;
				GCC_WARN_UNINITIALIZED_AUTOS = YES_AGGRESSIVE;
				GCC_WARN_UNUSED_FUNCTION = YES;
				GCC_WARN_UNUSED_VARIABLE = YES;
				IPHONEOS_DEPLOYMENT_TARGET = 14.3;
				MTL_ENABLE_DEBUG_INFO = INCLUDE_SOURCE;
				MTL_FAST_MATH = YES;
				ONLY_ACTIVE_ARCH = YES;
				SDKROOT = iphoneos;
				SWIFT_ACTIVE_COMPILATION_CONDITIONS = DEBUG;
				SWIFT_OPTIMIZATION_LEVEL = "-Onone";
			};
			name = Debug;
		};
		3075144725CC6FFD006D95F2 /* Release */ = {
			isa = XCBuildConfiguration;
			buildSettings = {
				ALWAYS_SEARCH_USER_PATHS = NO;
				CLANG_ANALYZER_NONNULL = YES;
				CLANG_ANALYZER_NUMBER_OBJECT_CONVERSION = YES_AGGRESSIVE;
				CLANG_CXX_LANGUAGE_STANDARD = "gnu++14";
				CLANG_CXX_LIBRARY = "libc++";
				CLANG_ENABLE_MODULES = YES;
				CLANG_ENABLE_OBJC_ARC = YES;
				CLANG_ENABLE_OBJC_WEAK = YES;
				CLANG_WARN_BLOCK_CAPTURE_AUTORELEASING = YES;
				CLANG_WARN_BOOL_CONVERSION = YES;
				CLANG_WARN_COMMA = YES;
				CLANG_WARN_CONSTANT_CONVERSION = YES;
				CLANG_WARN_DEPRECATED_OBJC_IMPLEMENTATIONS = YES;
				CLANG_WARN_DIRECT_OBJC_ISA_USAGE = YES_ERROR;
				CLANG_WARN_DOCUMENTATION_COMMENTS = YES;
				CLANG_WARN_EMPTY_BODY = YES;
				CLANG_WARN_ENUM_CONVERSION = YES;
				CLANG_WARN_INFINITE_RECURSION = YES;
				CLANG_WARN_INT_CONVERSION = YES;
				CLANG_WARN_NON_LITERAL_NULL_CONVERSION = YES;
				CLANG_WARN_OBJC_IMPLICIT_RETAIN_SELF = YES;
				CLANG_WARN_OBJC_LITERAL_CONVERSION = YES;
				CLANG_WARN_OBJC_ROOT_CLASS = YES_ERROR;
				CLANG_WARN_QUOTED_INCLUDE_IN_FRAMEWORK_HEADER = YES;
				CLANG_WARN_RANGE_LOOP_ANALYSIS = YES;
				CLANG_WARN_STRICT_PROTOTYPES = YES;
				CLANG_WARN_SUSPICIOUS_MOVE = YES;
				CLANG_WARN_UNGUARDED_AVAILABILITY = YES_AGGRESSIVE;
				CLANG_WARN_UNREACHABLE_CODE = YES;
				CLANG_WARN__DUPLICATE_METHOD_MATCH = YES;
				COPY_PHASE_STRIP = NO;
				DEBUG_INFORMATION_FORMAT = "dwarf-with-dsym";
				ENABLE_NS_ASSERTIONS = NO;
				ENABLE_STRICT_OBJC_MSGSEND = YES;
				GCC_C_LANGUAGE_STANDARD = gnu11;
				GCC_NO_COMMON_BLOCKS = YES;
				GCC_WARN_64_TO_32_BIT_CONVERSION = YES;
				GCC_WARN_ABOUT_RETURN_TYPE = YES_ERROR;
				GCC_WARN_UNDECLARED_SELECTOR = YES;
				GCC_WARN_UNINITIALIZED_AUTOS = YES_AGGRESSIVE;
				GCC_WARN_UNUSED_FUNCTION = YES;
				GCC_WARN_UNUSED_VARIABLE = YES;
				IPHONEOS_DEPLOYMENT_TARGET = 14.3;
				MTL_ENABLE_DEBUG_INFO = NO;
				MTL_FAST_MATH = YES;
				SDKROOT = iphoneos;
				SWIFT_COMPILATION_MODE = wholemodule;
				SWIFT_OPTIMIZATION_LEVEL = "-O";
				VALIDATE_PRODUCT = YES;
			};
			name = Release;
		};
		3075144925CC6FFD006D95F2 /* Debug */ = {
			isa = XCBuildConfiguration;
			baseConfigurationReference = DF45C8609BF530AE854BD5D5 /* Pods-NIS-IOS-BlurApp.debug.xcconfig */;
			buildSettings = {
				ASSETCATALOG_COMPILER_APPICON_NAME = AppIcon;
				ASSETCATALOG_COMPILER_GLOBAL_ACCENT_COLOR_NAME = AccentColor;
				CODE_SIGN_STYLE = Automatic;
				DEVELOPMENT_TEAM = GL28D5C2MP;
				INFOPLIST_FILE = "NIS-IOS-BlurApp/Info.plist";
				LD_RUNPATH_SEARCH_PATHS = (
					"$(inherited)",
					"@executable_path/Frameworks",
				);
				PRODUCT_BUNDLE_IDENTIFIER = "Bsw20.NIS-IOS-BlurApp";
				PRODUCT_NAME = "$(TARGET_NAME)";
				SWIFT_VERSION = 5.0;
				TARGETED_DEVICE_FAMILY = "1,2";
			};
			name = Debug;
		};
		3075144A25CC6FFD006D95F2 /* Release */ = {
			isa = XCBuildConfiguration;
			baseConfigurationReference = 052238F936783C4EE12CCB9F /* Pods-NIS-IOS-BlurApp.release.xcconfig */;
			buildSettings = {
				ASSETCATALOG_COMPILER_APPICON_NAME = AppIcon;
				ASSETCATALOG_COMPILER_GLOBAL_ACCENT_COLOR_NAME = AccentColor;
				CODE_SIGN_STYLE = Automatic;
				DEVELOPMENT_TEAM = GL28D5C2MP;
				INFOPLIST_FILE = "NIS-IOS-BlurApp/Info.plist";
				LD_RUNPATH_SEARCH_PATHS = (
					"$(inherited)",
					"@executable_path/Frameworks",
				);
				PRODUCT_BUNDLE_IDENTIFIER = "Bsw20.NIS-IOS-BlurApp";
				PRODUCT_NAME = "$(TARGET_NAME)";
				SWIFT_VERSION = 5.0;
				TARGETED_DEVICE_FAMILY = "1,2";
			};
			name = Release;
		};
/* End XCBuildConfiguration section */

/* Begin XCConfigurationList section */
		3075142F25CC6FF9006D95F2 /* Build configuration list for PBXProject "NIS-IOS-BlurApp" */ = {
			isa = XCConfigurationList;
			buildConfigurations = (
				3075144625CC6FFD006D95F2 /* Debug */,
				3075144725CC6FFD006D95F2 /* Release */,
			);
			defaultConfigurationIsVisible = 0;
			defaultConfigurationName = Release;
		};
		3075144825CC6FFD006D95F2 /* Build configuration list for PBXNativeTarget "NIS-IOS-BlurApp" */ = {
			isa = XCConfigurationList;
			buildConfigurations = (
				3075144925CC6FFD006D95F2 /* Debug */,
				3075144A25CC6FFD006D95F2 /* Release */,
			);
			defaultConfigurationIsVisible = 0;
			defaultConfigurationName = Release;
		};
/* End XCConfigurationList section */
	};
	rootObject = 3075142C25CC6FF9006D95F2 /* Project object */;
}
